
Microsoft Visual Studio Solution File, Format Version 12.00
# Visual Studio Version 16
VisualStudioVersion = 16.0.808.2
MinimumVisualStudioVersion = 10.0.40219.1
Project("{FAE04EC0-301F-11D3-BF4B-00C04F79EFBC}") = "iFood.Mercado.API", "iFood.Mercado.API\iFood.Mercado.API.csproj", "{C027DA21-E8AE-464D-A477-5A91AAE4888B}"
EndProject
Project("{FAE04EC0-301F-11D3-BF4B-00C04F79EFBC}") = "iFood.Mercado.Domain", "iFood.Mercado.Domain\iFood.Mercado.Domain.csproj", "{D3DDE5C4-929E-4D81-BFE4-585F00554919}"
EndProject
Project("{FAE04EC0-301F-11D3-BF4B-00C04F79EFBC}") = "iFood.Mercado.Infrastructure", "iFood.Mercado.Infrastructure\iFood.Mercado.Infrastructure.csproj", "{5FAFC3F4-387A-4533-85A8-86F992695222}"
EndProject
Project("{FAE04EC0-301F-11D3-BF4B-00C04F79EFBC}") = "iFood.Mercado.Tests", "iFood.Mercado.Tests\iFood.Mercado.Tests.csproj", "{296F6BF2-3563-4FE1-B714-9301442BB4F7}"
EndProject
Global
	GlobalSection(SolutionConfigurationPlatforms) = preSolution
		Debug|Any CPU = Debug|Any CPU
		Release|Any CPU = Release|Any CPU
	EndGlobalSection
	GlobalSection(ProjectConfigurationPlatforms) = postSolution
		{C027DA21-E8AE-464D-A477-5A91AAE4888B}.Debug|Any CPU.ActiveCfg = Debug|Any CPU
		{C027DA21-E8AE-464D-A477-5A91AAE4888B}.Debug|Any CPU.Build.0 = Debug|Any CPU
		{C027DA21-E8AE-464D-A477-5A91AAE4888B}.Release|Any CPU.ActiveCfg = Release|Any CPU
		{C027DA21-E8AE-464D-A477-5A91AAE4888B}.Release|Any CPU.Build.0 = Release|Any CPU
		{D3DDE5C4-929E-4D81-BFE4-585F00554919}.Debug|Any CPU.ActiveCfg = Debug|Any CPU
		{D3DDE5C4-929E-4D81-BFE4-585F00554919}.Debug|Any CPU.Build.0 = Debug|Any CPU
		{D3DDE5C4-929E-4D81-BFE4-585F00554919}.Release|Any CPU.ActiveCfg = Release|Any CPU
		{D3DDE5C4-929E-4D81-BFE4-585F00554919}.Release|Any CPU.Build.0 = Release|Any CPU
		{5FAFC3F4-387A-4533-85A8-86F992695222}.Debug|Any CPU.ActiveCfg = Debug|Any CPU
		{5FAFC3F4-387A-4533-85A8-86F992695222}.Debug|Any CPU.Build.0 = Debug|Any CPU
		{5FAFC3F4-387A-4533-85A8-86F992695222}.Release|Any CPU.ActiveCfg = Release|Any CPU
		{5FAFC3F4-387A-4533-85A8-86F992695222}.Release|Any CPU.Build.0 = Release|Any CPU
		{296F6BF2-3563-4FE1-B714-9301442BB4F7}.Debug|Any CPU.ActiveCfg = Debug|Any CPU
		{296F6BF2-3563-4FE1-B714-9301442BB4F7}.Debug|Any CPU.Build.0 = Debug|Any CPU
		{296F6BF2-3563-4FE1-B714-9301442BB4F7}.Release|Any CPU.ActiveCfg = Release|Any CPU
		{296F6BF2-3563-4FE1-B714-9301442BB4F7}.Release|Any CPU.Build.0 = Release|Any CPU
	EndGlobalSection
	GlobalSection(SolutionProperties) = preSolution
		HideSolutionNode = FALSE
	EndGlobalSection
	GlobalSection(ExtensibilityGlobals) = postSolution
		SolutionGuid = {B01E5D91-99AE-4A0B-8F58-3AD3BB33EA96}
	EndGlobalSection
EndGlobal
